
Microsoft Visual Studio Solution File, Format Version 12.00
# Visual Studio Version 17
VisualStudioVersion = 17.9.34622.214
MinimumVisualStudioVersion = 10.0.40219.1
Project("{FAE04EC0-301F-11D3-BF4B-00C04F79EFBC}") = "FirstProject", "FirstProject.csproj", "{041595D0-C0C4-4627-873C-E6E7270DC3E2}"
EndProject
Global
	GlobalSection(SolutionConfigurationPlatforms) = preSolution
		Debug|Any CPU = Debug|Any CPU
		Release|Any CPU = Release|Any CPU
	EndGlobalSection
	GlobalSection(ProjectConfigurationPlatforms) = postSolution
		{041595D0-C0C4-4627-873C-E6E7270DC3E2}.Debug|Any CPU.ActiveCfg = Debug|Any CPU
		{041595D0-C0C4-4627-873C-E6E7270DC3E2}.Debug|Any CPU.Build.0 = Debug|Any CPU
		{041595D0-C0C4-4627-873C-E6E7270DC3E2}.Release|Any CPU.ActiveCfg = Release|Any CPU
		{041595D0-C0C4-4627-873C-E6E7270DC3E2}.Release|Any CPU.Build.0 = Release|Any CPU
	EndGlobalSection
	GlobalSection(SolutionProperties) = preSolution
		HideSolutionNode = FALSE
	EndGlobalSection
	GlobalSection(ExtensibilityGlobals) = postSolution
		SolutionGuid = {55214367-4A70-4158-8D9A-585F3E9C60DB}
	EndGlobalSection
EndGlobal
